
Microsoft Visual Studio Solution File, Format Version 12.00
# Visual Studio Version 16
VisualStudioVersion = 16.0.29728.190
MinimumVisualStudioVersion = 10.0.40219.1
Project("{FAE04EC0-301F-11D3-BF4B-00C04F79EFBC}") = "MOD7_CP11-P4", "MOD7_CP11-P4.csproj", "{9BCA021E-949F-47EB-8CD0-E81E1EE707C2}"
EndProject
Global
	GlobalSection(SolutionConfigurationPlatforms) = preSolution
		Debug|Any CPU = Debug|Any CPU
		Release|Any CPU = Release|Any CPU
	EndGlobalSection
	GlobalSection(ProjectConfigurationPlatforms) = postSolution
		{9BCA021E-949F-47EB-8CD0-E81E1EE707C2}.Debug|Any CPU.ActiveCfg = Debug|Any CPU
		{9BCA021E-949F-47EB-8CD0-E81E1EE707C2}.Debug|Any CPU.Build.0 = Debug|Any CPU
		{9BCA021E-949F-47EB-8CD0-E81E1EE707C2}.Release|Any CPU.ActiveCfg = Release|Any CPU
		{9BCA021E-949F-47EB-8CD0-E81E1EE707C2}.Release|Any CPU.Build.0 = Release|Any CPU
	EndGlobalSection
	GlobalSection(SolutionProperties) = preSolution
		HideSolutionNode = FALSE
	EndGlobalSection
	GlobalSection(ExtensibilityGlobals) = postSolution
		SolutionGuid = {9D9D21FF-0123-4C00-8888-9B7519448EC4}
	EndGlobalSection
EndGlobal
