
Microsoft Visual Studio Solution File, Format Version 12.00
# Visual Studio Version 16
VisualStudioVersion = 16.0.29709.97
MinimumVisualStudioVersion = 10.0.40219.1
Project("{FAE04EC0-301F-11D3-BF4B-00C04F79EFBC}") = "Mod3_CP5_P13", "Mod3_CP5_P13.csproj", "{98618DD3-EBAA-40B0-A4C8-DE0066A939EE}"
EndProject
Global
	GlobalSection(SolutionConfigurationPlatforms) = preSolution
		Debug|Any CPU = Debug|Any CPU
		Release|Any CPU = Release|Any CPU
	EndGlobalSection
	GlobalSection(ProjectConfigurationPlatforms) = postSolution
		{98618DD3-EBAA-40B0-A4C8-DE0066A939EE}.Debug|Any CPU.ActiveCfg = Debug|Any CPU
		{98618DD3-EBAA-40B0-A4C8-DE0066A939EE}.Debug|Any CPU.Build.0 = Debug|Any CPU
		{98618DD3-EBAA-40B0-A4C8-DE0066A939EE}.Release|Any CPU.ActiveCfg = Release|Any CPU
		{98618DD3-EBAA-40B0-A4C8-DE0066A939EE}.Release|Any CPU.Build.0 = Release|Any CPU
	EndGlobalSection
	GlobalSection(SolutionProperties) = preSolution
		HideSolutionNode = FALSE
	EndGlobalSection
	GlobalSection(ExtensibilityGlobals) = postSolution
		SolutionGuid = {A12E8643-1E93-4B7D-BB36-148019B5D2BA}
	EndGlobalSection
EndGlobal
