
Microsoft Visual Studio Solution File, Format Version 12.00
# Visual Studio Version 16
VisualStudioVersion = 16.0.29728.190
MinimumVisualStudioVersion = 10.0.40219.1
Project("{FAE04EC0-301F-11D3-BF4B-00C04F79EFBC}") = "MOD6-CP9-P3", "MOD6-CP9-P3.csproj", "{3E55F07C-57CA-4EA9-9FC8-8ED9460CBF82}"
EndProject
Global
	GlobalSection(SolutionConfigurationPlatforms) = preSolution
		Debug|Any CPU = Debug|Any CPU
		Release|Any CPU = Release|Any CPU
	EndGlobalSection
	GlobalSection(ProjectConfigurationPlatforms) = postSolution
		{3E55F07C-57CA-4EA9-9FC8-8ED9460CBF82}.Debug|Any CPU.ActiveCfg = Debug|Any CPU
		{3E55F07C-57CA-4EA9-9FC8-8ED9460CBF82}.Debug|Any CPU.Build.0 = Debug|Any CPU
		{3E55F07C-57CA-4EA9-9FC8-8ED9460CBF82}.Release|Any CPU.ActiveCfg = Release|Any CPU
		{3E55F07C-57CA-4EA9-9FC8-8ED9460CBF82}.Release|Any CPU.Build.0 = Release|Any CPU
	EndGlobalSection
	GlobalSection(SolutionProperties) = preSolution
		HideSolutionNode = FALSE
	EndGlobalSection
	GlobalSection(ExtensibilityGlobals) = postSolution
		SolutionGuid = {680F6573-44A9-4736-B17A-99B4CAC6DE86}
	EndGlobalSection
EndGlobal
